{
  "name": "lp-passprep",
  "version": "0.1.0",
  "private": true,
  "description": "Pass Prep MVP static app for project.json -> course plan/workbook outputs",
  "scripts": {
    "start": "python3 -m http.server 8000",
    "check": "node --check core.js && node --check app.js",
    "test": "node --test"
  },
  "engines": {
    "node": ">=18"
  }
}
